
Microsoft Visual Studio Solution File, Format Version 12.00
# Visual Studio Version 17
VisualStudioVersion = 17.7.34221.43
MinimumVisualStudioVersion = 10.0.40219.1
Project("{FAE04EC0-301F-11D3-BF4B-00C04F79EFBC}") = "UserLogin", "UserLogin\UserLogin.csproj", "{1836A25D-5DA0-43AF-A451-BBA6EE0094FA}"
EndProject
Project("{FAE04EC0-301F-11D3-BF4B-00C04F79EFBC}") = "BankProjectLogin", "BankProjectLogin\BankProjectLogin.csproj", "{E88678DF-14EE-4A6D-827D-0946837BAF71}"
EndProject
Global
	GlobalSection(SolutionConfigurationPlatforms) = preSolution
		Debug|Any CPU = Debug|Any CPU
		Release|Any CPU = Release|Any CPU
	EndGlobalSection
	GlobalSection(ProjectConfigurationPlatforms) = postSolution
		{1836A25D-5DA0-43AF-A451-BBA6EE0094FA}.Debug|Any CPU.ActiveCfg = Debug|Any CPU
		{1836A25D-5DA0-43AF-A451-BBA6EE0094FA}.Debug|Any CPU.Build.0 = Debug|Any CPU
		{1836A25D-5DA0-43AF-A451-BBA6EE0094FA}.Release|Any CPU.ActiveCfg = Release|Any CPU
		{1836A25D-5DA0-43AF-A451-BBA6EE0094FA}.Release|Any CPU.Build.0 = Release|Any CPU
		{E88678DF-14EE-4A6D-827D-0946837BAF71}.Debug|Any CPU.ActiveCfg = Debug|Any CPU
		{E88678DF-14EE-4A6D-827D-0946837BAF71}.Debug|Any CPU.Build.0 = Debug|Any CPU
		{E88678DF-14EE-4A6D-827D-0946837BAF71}.Release|Any CPU.ActiveCfg = Release|Any CPU
		{E88678DF-14EE-4A6D-827D-0946837BAF71}.Release|Any CPU.Build.0 = Release|Any CPU
	EndGlobalSection
	GlobalSection(SolutionProperties) = preSolution
		HideSolutionNode = FALSE
	EndGlobalSection
	GlobalSection(ExtensibilityGlobals) = postSolution
		SolutionGuid = {3A1F5D19-5041-45F1-88B6-6AE55F8BC0FA}
	EndGlobalSection
EndGlobal
